{
    "name": "umeditor",
    "version": "1.2.2",
    "lockfileVersion": 1,
    "requires": true,
    "dependencies": {
        "abbrev": {
            "version": "1.1.1",
            "resolved": "https://registry.npmjs.org/abbrev/-/abbrev-1.1.1.tgz",
            "integrity": "sha512-nne9/IiQ/hzIhY6pdDnbBtz7DjPTKrY00P/zvPSm5pOFkl6xuGrGnXn/VtTNNfNtAfZ9/1RtehkszU9qcTii0Q=="
        },
        "archiver": {
            "version": "0.6.1",
            "resolved": "https://registry.npmjs.org/archiver/-/archiver-0.6.1.tgz",
            "integrity": "sha1-1AKZJXH9F5rtZy2Xl/iI5Wjh3Vw=",
            "requires": {
                "file-utils": "0.1.5",
                "lazystream": "0.1.0",
                "lodash": "2.4.2",
                "readable-stream": "1.0.34",
                "zip-stream": "0.2.3"
            },
            "dependencies": {
                "lodash": {
                    "version": "2.4.2",
                    "resolved": "https://registry.npmjs.org/lodash/-/lodash-2.4.2.tgz",
                    "integrity": "sha1-+t2DS5aDBz2hebPq5tnA0VBT9z4="
                }
            }
        },
        "argparse": {
            "version": "0.1.16",
            "resolved": "https://registry.npmjs.org/argparse/-/argparse-0.1.16.tgz",
            "integrity": "sha1-z9AeD7uj1srtBJ+9dY1A9lGW9Xw=",
            "requires": {
                "underscore": "1.7.0",
                "underscore.string": "2.4.0"
            },
            "dependencies": {
                "underscore.string": {
                    "version": "2.4.0",
                    "resolved": "https://registry.npmjs.org/underscore.string/-/underscore.string-2.4.0.tgz",
                    "integrity": "sha1-jN2PusTi0uoefi6Al8QvRCKA+Fs="
                }
            }
        },
        "async": {
            "version": "0.1.22",
            "resolved": "https://registry.npmjs.org/async/-/async-0.1.22.tgz",
            "integrity": "sha1-D8GqoIig4+8Ovi2IMbqw3PiEUGE="
        },
        "bl": {
            "version": "0.9.5",
            "resolved": "https://registry.npmjs.org/bl/-/bl-0.9.5.tgz",
            "integrity": "sha1-wGt5evCF6gC8Unr8jvzxHeIjIFQ=",
            "requires": {
                "readable-stream": "1.0.34"
            }
        },
        "block-stream": {
            "version": "0.0.9",
            "resolved": "https://registry.npmjs.org/block-stream/-/block-stream-0.0.9.tgz",
            "integrity": "sha1-E+v+d4oDIFz+A3UUgeu0szAMEmo=",
            "requires": {
                "inherits": "2.0.3"
            }
        },
        "clean-css": {
            "version": "1.1.7",
            "resolved": "https://registry.npmjs.org/clean-css/-/clean-css-1.1.7.tgz",
            "integrity": "sha1-YB75z3ZCuYLLM+/JSIpkRMmGaG4=",
            "requires": {
                "commander": "2.0.0"
            }
        },
        "closurecompiler": {
            "version": "1.6.1",
            "resolved": "https://registry.npmjs.org/closurecompiler/-/closurecompiler-1.6.1.tgz",
            "integrity": "sha1-Kt3pK8jon/aHGhHPAaWeEmUKAw8=",
            "requires": {
                "bl": "0.9.5",
                "closurecompiler-externs": "1.0.4",
                "tar": "2.2.1"
            }
        },
        "closurecompiler-externs": {
            "version": "1.0.4",
            "resolved": "https://registry.npmjs.org/closurecompiler-externs/-/closurecompiler-externs-1.0.4.tgz",
            "integrity": "sha1-SOoyALcKU9RoFVbEoXBt7CQlN6M="
        },
        "coffee-script": {
            "version": "1.3.3",
            "resolved": "https://registry.npmjs.org/coffee-script/-/coffee-script-1.3.3.tgz",
            "integrity": "sha1-FQ1rTLUiiUNp7+1qIQHCC8f0pPQ="
        },
        "colors": {
            "version": "0.6.2",
            "resolved": "https://registry.npmjs.org/colors/-/colors-0.6.2.tgz",
            "integrity": "sha1-JCP+ZnisDF2uiFLl0OW+CMmXq8w="
        },
        "commander": {
            "version": "2.0.0",
            "resolved": "https://registry.npmjs.org/commander/-/commander-2.0.0.tgz",
            "integrity": "sha1-0bhvkB+LZL2UG96tr5JFMDk76Sg="
        },
        "core-util-is": {
            "version": "1.0.2",
            "resolved": "https://registry.npmjs.org/core-util-is/-/core-util-is-1.0.2.tgz",
            "integrity": "sha1-tf1UIgqivFq1eqtxQMlAdUUDwac="
        },
        "dateformat": {
            "version": "1.0.2-1.2.3",
            "resolved": "https://registry.npmjs.org/dateformat/-/dateformat-1.0.2-1.2.3.tgz",
            "integrity": "sha1-sCIMAt6YYXQztyhRz0fePfLNvuk="
        },
        "debug": {
            "version": "0.7.4",
            "resolved": "https://registry.npmjs.org/debug/-/debug-0.7.4.tgz",
            "integrity": "sha1-BuHqgILCyxTjmAbiLi9vdX+Srzk="
        },
        "esprima": {
            "version": "1.0.4",
            "resolved": "https://registry.npmjs.org/esprima/-/esprima-1.0.4.tgz",
            "integrity": "sha1-n1V+CPw7TSbs6d00+Pv0drYlha0="
        },
        "eventemitter2": {
            "version": "0.4.14",
            "resolved": "https://registry.npmjs.org/eventemitter2/-/eventemitter2-0.4.14.tgz",
            "integrity": "sha1-j2G3XN4BKy6esoTUVFWDtWQ7Yas="
        },
        "exit": {
            "version": "0.1.2",
            "resolved": "https://registry.npmjs.org/exit/-/exit-0.1.2.tgz",
            "integrity": "sha1-BjJjj42HfMghB9MKD/8aF8uhzQw="
        },
        "file-utils": {
            "version": "0.1.5",
            "resolved": "https://registry.npmjs.org/file-utils/-/file-utils-0.1.5.tgz",
            "integrity": "sha1-3IFTyFU4fLTaywoXJVMfpESmtIw=",
            "requires": {
                "findup-sync": "0.1.3",
                "glob": "3.2.11",
                "iconv-lite": "0.2.11",
                "isbinaryfile": "0.1.9",
                "lodash": "2.1.0",
                "minimatch": "0.2.14",
                "rimraf": "2.2.8"
            },
            "dependencies": {
                "glob": {
                    "version": "3.2.11",
                    "resolved": "https://registry.npmjs.org/glob/-/glob-3.2.11.tgz",
                    "integrity": "sha1-Spc/Y1uRkPcV0QmH1cAP0oFevj0=",
                    "requires": {
                        "inherits": "2.0.3",
                        "minimatch": "0.3.0"
                    },
                    "dependencies": {
                        "minimatch": {
                            "version": "0.3.0",
                            "resolved": "https://registry.npmjs.org/minimatch/-/minimatch-0.3.0.tgz",
                            "integrity": "sha1-J12O2qxPG7MyZHIInnlJyDlGmd0=",
                            "requires": {
                                "lru-cache": "2.7.3",
                                "sigmund": "1.0.1"
                            }
                        }
                    }
                },
                "lodash": {
                    "version": "2.1.0",
                    "resolved": "https://registry.npmjs.org/lodash/-/lodash-2.1.0.tgz",
                    "integrity": "sha1-Bjfqqjaooc/IZcOt+5Qhib+wmY0="
                }
            }
        },
        "findup-sync": {
            "version": "0.1.3",
            "resolved": "https://registry.npmjs.org/findup-sync/-/findup-sync-0.1.3.tgz",
            "integrity": "sha1-fz56l7gjksZTvwZYm9hRkOk8NoM=",
            "requires": {
                "glob": "3.2.11",
                "lodash": "2.4.2"
            },
            "dependencies": {
                "glob": {
                    "version": "3.2.11",
                    "resolved": "https://registry.npmjs.org/glob/-/glob-3.2.11.tgz",
                    "integrity": "sha1-Spc/Y1uRkPcV0QmH1cAP0oFevj0=",
                    "requires": {
                        "inherits": "2.0.3",
                        "minimatch": "0.3.0"
                    }
                },
                "lodash": {
                    "version": "2.4.2",
                    "resolved": "https://registry.npmjs.org/lodash/-/lodash-2.4.2.tgz",
                    "integrity": "sha1-+t2DS5aDBz2hebPq5tnA0VBT9z4="
                },
                "minimatch": {
                    "version": "0.3.0",
                    "resolved": "https://registry.npmjs.org/minimatch/-/minimatch-0.3.0.tgz",
                    "integrity": "sha1-J12O2qxPG7MyZHIInnlJyDlGmd0=",
                    "requires": {
                        "lru-cache": "2.7.3",
                        "sigmund": "1.0.1"
                    }
                }
            }
        },
        "fstream": {
            "version": "1.0.11",
            "resolved": "https://registry.npmjs.org/fstream/-/fstream-1.0.11.tgz",
            "integrity": "sha1-XB+x8RdHcRTwYyoOtLcbPLD9MXE=",
            "requires": {
                "graceful-fs": "4.1.11",
                "inherits": "2.0.3",
                "mkdirp": "0.5.1",
                "rimraf": "2.2.8"
            },
            "dependencies": {
                "graceful-fs": {
                    "version": "4.1.11",
                    "resolved": "https://registry.npmjs.org/graceful-fs/-/graceful-fs-4.1.11.tgz",
                    "integrity": "sha1-Dovf5NHduIVNZOBOp8AOKgJuVlg="
                }
            }
        },
        "getobject": {
            "version": "0.1.0",
            "resolved": "https://registry.npmjs.org/getobject/-/getobject-0.1.0.tgz",
            "integrity": "sha1-BHpEl4n6Fg0Bj1SG7ZEyC27HiFw="
        },
        "glob": {
            "version": "3.1.21",
            "resolved": "https://registry.npmjs.org/glob/-/glob-3.1.21.tgz",
            "integrity": "sha1-0p4KBV3qUTj00H7UDomC6DwgZs0=",
            "requires": {
                "graceful-fs": "1.2.3",
                "inherits": "1.0.2",
                "minimatch": "0.2.14"
            },
            "dependencies": {
                "inherits": {
                    "version": "1.0.2",
                    "resolved": "https://registry.npmjs.org/inherits/-/inherits-1.0.2.tgz",
                    "integrity": "sha1-ykMJ2t7mtUzAuNJH6NfHoJdb3Js="
                }
            }
        },
        "graceful-fs": {
            "version": "1.2.3",
            "resolved": "https://registry.npmjs.org/graceful-fs/-/graceful-fs-1.2.3.tgz",
            "integrity": "sha1-FaSAaldUfLLS2/J/QuiajDRRs2Q="
        },
        "grunt": {
            "version": "0.4.5",
            "resolved": "https://registry.npmjs.org/grunt/-/grunt-0.4.5.tgz",
            "integrity": "sha1-VpN81RlDJK3/bSB2MYMqnWuk5/A=",
            "requires": {
                "async": "0.1.22",
                "coffee-script": "1.3.3",
                "colors": "0.6.2",
                "dateformat": "1.0.2-1.2.3",
                "eventemitter2": "0.4.14",
                "exit": "0.1.2",
                "findup-sync": "0.1.3",
                "getobject": "0.1.0",
                "glob": "3.1.21",
                "grunt-legacy-log": "0.1.3",
                "grunt-legacy-util": "0.2.0",
                "hooker": "0.2.3",
                "iconv-lite": "0.2.11",
                "js-yaml": "2.0.5",
                "lodash": "0.9.2",
                "minimatch": "0.2.14",
                "nopt": "1.0.10",
                "rimraf": "2.2.8",
                "underscore.string": "2.2.1",
                "which": "1.0.9"
            }
        },
        "grunt-closurecompiler": {
            "version": "0.9.9",
            "resolved": "https://registry.npmjs.org/grunt-closurecompiler/-/grunt-closurecompiler-0.9.9.tgz",
            "integrity": "sha1-BAfREnS78gFDhRaL0fW7BIyYqhQ=",
            "requires": {
                "closurecompiler": "1.6.1"
            }
        },
        "grunt-contrib-compress": {
            "version": "0.7.0",
            "resolved": "https://registry.npmjs.org/grunt-contrib-compress/-/grunt-contrib-compress-0.7.0.tgz",
            "integrity": "sha1-4YuNK2JVRX5nXYDx0bxtsJ+CeG4=",
            "requires": {
                "archiver": "0.6.1",
                "prettysize": "0.0.3"
            }
        },
        "grunt-contrib-concat": {
            "version": "0.3.0",
            "resolved": "https://registry.npmjs.org/grunt-contrib-concat/-/grunt-contrib-concat-0.3.0.tgz",
            "integrity": "sha1-SPoNQzbSm2U62CJaa9b4VrRIPjI="
        },
        "grunt-contrib-copy": {
            "version": "0.4.1",
            "resolved": "https://registry.npmjs.org/grunt-contrib-copy/-/grunt-contrib-copy-0.4.1.tgz",
            "integrity": "sha1-8HU7QK4hu3BtrvsLKZ4DzfX6nW4="
        },
        "grunt-contrib-cssmin": {
            "version": "0.6.2",
            "resolved": "https://registry.npmjs.org/grunt-contrib-cssmin/-/grunt-contrib-cssmin-0.6.2.tgz",
            "integrity": "sha1-KATcDoH5jopU1h7uhKHT/ho6+OI=",
            "requires": {
                "clean-css": "1.1.7",
                "grunt-lib-contrib": "0.6.1"
            }
        },
        "grunt-legacy-log": {
            "version": "0.1.3",
            "resolved": "https://registry.npmjs.org/grunt-legacy-log/-/grunt-legacy-log-0.1.3.tgz",
            "integrity": "sha1-7ClCboAwIa9ZAp+H0vnNczWgVTE=",
            "requires": {
                "colors": "0.6.2",
                "grunt-legacy-log-utils": "0.1.1",
                "hooker": "0.2.3",
                "lodash": "2.4.2",
                "underscore.string": "2.3.3"
            },
            "dependencies": {
                "lodash": {
                    "version": "2.4.2",
                    "resolved": "https://registry.npmjs.org/lodash/-/lodash-2.4.2.tgz",
                    "integrity": "sha1-+t2DS5aDBz2hebPq5tnA0VBT9z4="
                },
                "underscore.string": {
                    "version": "2.3.3",
                    "resolved": "https://registry.npmjs.org/underscore.string/-/underscore.string-2.3.3.tgz",
                    "integrity": "sha1-ccCL9rQosRM/N+ePo6Icgvcymw0="
                }
            }
        },
        "grunt-legacy-log-utils": {
            "version": "0.1.1",
            "resolved": "https://registry.npmjs.org/grunt-legacy-log-utils/-/grunt-legacy-log-utils-0.1.1.tgz",
            "integrity": "sha1-wHBrndkGThFvNvI/5OawSGcsD34=",
            "requires": {
                "colors": "0.6.2",
                "lodash": "2.4.2",
                "underscore.string": "2.3.3"
            },
            "dependencies": {
                "lodash": {
                    "version": "2.4.2",
                    "resolved": "https://registry.npmjs.org/lodash/-/lodash-2.4.2.tgz",
                    "integrity": "sha1-+t2DS5aDBz2hebPq5tnA0VBT9z4="
                },
                "underscore.string": {
                    "version": "2.3.3",
                    "resolved": "https://registry.npmjs.org/underscore.string/-/underscore.string-2.3.3.tgz",
                    "integrity": "sha1-ccCL9rQosRM/N+ePo6Icgvcymw0="
                }
            }
        },
        "grunt-legacy-util": {
            "version": "0.2.0",
            "resolved": "https://registry.npmjs.org/grunt-legacy-util/-/grunt-legacy-util-0.2.0.tgz",
            "integrity": "sha1-kzJIhNv343qf98Am3/RR2UqeVUs=",
            "requires": {
                "async": "0.1.22",
                "exit": "0.1.2",
                "getobject": "0.1.0",
                "hooker": "0.2.3",
                "lodash": "0.9.2",
                "underscore.string": "2.2.1",
                "which": "1.0.9"
            }
        },
        "grunt-lib-contrib": {
            "version": "0.6.1",
            "resolved": "https://registry.npmjs.org/grunt-lib-contrib/-/grunt-lib-contrib-0.6.1.tgz",
            "integrity": "sha1-P1att9oG6BR5XuJBWw6+X7iQPrs=",
            "requires": {
                "zlib-browserify": "0.0.1"
            }
        },
        "grunt-text-replace": {
            "version": "0.3.12",
            "resolved": "https://registry.npmjs.org/grunt-text-replace/-/grunt-text-replace-0.3.12.tgz",
            "integrity": "sha1-i8EGiaPgm4DxhNfdTUKj1gnPWKU="
        },
        "grunt-transcoding": {
            "version": "0.1.3",
            "resolved": "https://registry.npmjs.org/grunt-transcoding/-/grunt-transcoding-0.1.3.tgz",
            "integrity": "sha1-+Est9cYAosqR+asVAZjNgMKzp/M=",
            "requires": {
                "grunt": "0.4.5",
                "iconv-lite": "0.2.11"
            }
        },
        "hooker": {
            "version": "0.2.3",
            "resolved": "https://registry.npmjs.org/hooker/-/hooker-0.2.3.tgz",
            "integrity": "sha1-uDT3I8xKJCqmWWNFnfbZhMXT2Vk="
        },
        "iconv-lite": {
            "version": "0.2.11",
            "resolved": "https://registry.npmjs.org/iconv-lite/-/iconv-lite-0.2.11.tgz",
            "integrity": "sha1-HOYKOleGSiktEyH/RgnKS7llrcg="
        },
        "inherits": {
            "version": "2.0.3",
            "resolved": "https://registry.npmjs.org/inherits/-/inherits-2.0.3.tgz",
            "integrity": "sha1-Yzwsg+PaQqUC9SRmAiSA9CCCYd4="
        },
        "isarray": {
            "version": "0.0.1",
            "resolved": "https://registry.npmjs.org/isarray/-/isarray-0.0.1.tgz",
            "integrity": "sha1-ihis/Kmo9Bd+Cav8YDiTmwXR7t8="
        },
        "isbinaryfile": {
            "version": "0.1.9",
            "resolved": "https://registry.npmjs.org/isbinaryfile/-/isbinaryfile-0.1.9.tgz",
            "integrity": "sha1-Fe7ONcSrcI2JJNqZ+4dPK1zAtsQ="
        },
        "js-yaml": {
            "version": "2.0.5",
            "resolved": "https://registry.npmjs.org/js-yaml/-/js-yaml-2.0.5.tgz",
            "integrity": "sha1-olrmUJmZ6X3yeMZxnaEb0Gh3Q6g=",
            "requires": {
                "argparse": "0.1.16",
                "esprima": "1.0.4"
            }
        },
        "lazystream": {
            "version": "0.1.0",
            "resolved": "https://registry.npmjs.org/lazystream/-/lazystream-0.1.0.tgz",
            "integrity": "sha1-GyXWPHcqTCDwpe0KnXf0hLbhaSA=",
            "requires": {
                "readable-stream": "1.0.34"
            }
        },
        "lodash": {
            "version": "0.9.2",
            "resolved": "https://registry.npmjs.org/lodash/-/lodash-0.9.2.tgz",
            "integrity": "sha1-jzSZxSRdNG1oLlsNO0B2fgnxqSw="
        },
        "lodash._isnative": {
            "version": "2.4.1",
            "resolved": "https://registry.npmjs.org/lodash._isnative/-/lodash._isnative-2.4.1.tgz",
            "integrity": "sha1-PqZAS3hKe+g2x7V1gOHN95sUgyw="
        },
        "lodash._objecttypes": {
            "version": "2.4.1",
            "resolved": "https://registry.npmjs.org/lodash._objecttypes/-/lodash._objecttypes-2.4.1.tgz",
            "integrity": "sha1-fAt/admKH3ZSn4kLDNsbTf7BHBE="
        },
        "lodash._shimkeys": {
            "version": "2.4.1",
            "resolved": "https://registry.npmjs.org/lodash._shimkeys/-/lodash._shimkeys-2.4.1.tgz",
            "integrity": "sha1-bpzJZm/wgfC1psl4uD4kLmlJ0gM=",
            "requires": {
                "lodash._objecttypes": "2.4.1"
            }
        },
        "lodash.defaults": {
            "version": "2.4.1",
            "resolved": "https://registry.npmjs.org/lodash.defaults/-/lodash.defaults-2.4.1.tgz",
            "integrity": "sha1-p+iIXwXmiFEUS24SqPNngCa8TFQ=",
            "requires": {
                "lodash._objecttypes": "2.4.1",
                "lodash.keys": "2.4.1"
            }
        },
        "lodash.isobject": {
            "version": "2.4.1",
            "resolved": "https://registry.npmjs.org/lodash.isobject/-/lodash.isobject-2.4.1.tgz",
            "integrity": "sha1-Wi5H/mmVPx7mMafrof5k0tBlWPU=",
            "requires": {
                "lodash._objecttypes": "2.4.1"
            }
        },
        "lodash.keys": {
            "version": "2.4.1",
            "resolved": "https://registry.npmjs.org/lodash.keys/-/lodash.keys-2.4.1.tgz",
            "integrity": "sha1-SN6kbfj/djKxDXBrissmWR4rNyc=",
            "requires": {
                "lodash._isnative": "2.4.1",
                "lodash._shimkeys": "2.4.1",
                "lodash.isobject": "2.4.1"
            }
        },
        "lru-cache": {
            "version": "2.7.3",
            "resolved": "https://registry.npmjs.org/lru-cache/-/lru-cache-2.7.3.tgz",
            "integrity": "sha1-bUUk6LlV+V1PW1iFHOId1y+06VI="
        },
        "minimatch": {
            "version": "0.2.14",
            "resolved": "https://registry.npmjs.org/minimatch/-/minimatch-0.2.14.tgz",
            "integrity": "sha1-x054BXT2PG+aCQ6Q775u9TpqdWo=",
            "requires": {
                "lru-cache": "2.7.3",
                "sigmund": "1.0.1"
            }
        },
        "minimist": {
            "version": "0.0.8",
            "resolved": "https://registry.npmjs.org/minimist/-/minimist-0.0.8.tgz",
            "integrity": "sha1-hX/Kv8M5fSYluCKCYuhqp6ARsF0="
        },
        "mkdirp": {
            "version": "0.5.1",
            "resolved": "https://registry.npmjs.org/mkdirp/-/mkdirp-0.5.1.tgz",
            "integrity": "sha1-MAV0OOrGz3+MR2fzhkjWaX11yQM=",
            "requires": {
                "minimist": "0.0.8"
            }
        },
        "nopt": {
            "version": "1.0.10",
            "resolved": "https://registry.npmjs.org/nopt/-/nopt-1.0.10.tgz",
            "integrity": "sha1-bd0hvSoxQXuScn3Vhfim83YI6+4=",
            "requires": {
                "abbrev": "1.1.1"
            }
        },
        "prettysize": {
            "version": "0.0.3",
            "resolved": "https://registry.npmjs.org/prettysize/-/prettysize-0.0.3.tgz",
            "integrity": "sha1-FK//amReWRpN3xxykZwjtBRhgaE="
        },
        "readable-stream": {
            "version": "1.0.34",
            "resolved": "https://registry.npmjs.org/readable-stream/-/readable-stream-1.0.34.tgz",
            "integrity": "sha1-Elgg40vIQtLyqq+v5MKRbuMsFXw=",
            "requires": {
                "core-util-is": "1.0.2",
                "inherits": "2.0.3",
                "isarray": "0.0.1",
                "string_decoder": "0.10.31"
            }
        },
        "rimraf": {
            "version": "2.2.8",
            "resolved": "https://registry.npmjs.org/rimraf/-/rimraf-2.2.8.tgz",
            "integrity": "sha1-5Dm+Kq7jJzIZUnMPmaiSnk/FBYI="
        },
        "sigmund": {
            "version": "1.0.1",
            "resolved": "https://registry.npmjs.org/sigmund/-/sigmund-1.0.1.tgz",
            "integrity": "sha1-P/IfGYytIXX587eBhT/ZTQ0ZtZA="
        },
        "string_decoder": {
            "version": "0.10.31",
            "resolved": "https://registry.npmjs.org/string_decoder/-/string_decoder-0.10.31.tgz",
            "integrity": "sha1-YuIDvEF2bGwoyfyEMB2rHFMQ+pQ="
        },
        "tar": {
            "version": "2.2.1",
            "resolved": "https://registry.npmjs.org/tar/-/tar-2.2.1.tgz",
            "integrity": "sha1-jk0qJWwOIYXGsYrWlK7JaLg8sdE=",
            "requires": {
                "block-stream": "0.0.9",
                "fstream": "1.0.11",
                "inherits": "2.0.3"
            }
        },
        "underscore": {
            "version": "1.7.0",
            "resolved": "https://registry.npmjs.org/underscore/-/underscore-1.7.0.tgz",
            "integrity": "sha1-a7rwh3UA02vjTsqlhODbn+8DUgk="
        },
        "underscore.string": {
            "version": "2.2.1",
            "resolved": "https://registry.npmjs.org/underscore.string/-/underscore.string-2.2.1.tgz",
            "integrity": "sha1-18D6KvXVoaZ/QlPa7pgTLnM/Dxk="
        },
        "which": {
            "version": "1.0.9",
            "resolved": "https://registry.npmjs.org/which/-/which-1.0.9.tgz",
            "integrity": "sha1-RgwdoPgQED0DIam2M6+eV15kSG8="
        },
        "zip-stream": {
            "version": "0.2.3",
            "resolved": "https://registry.npmjs.org/zip-stream/-/zip-stream-0.2.3.tgz",
            "integrity": "sha1-rvCVN2z+E4lZqBNBmB0mM4tG2NM=",
            "requires": {
                "debug": "0.7.4",
                "lodash.defaults": "2.4.1",
                "readable-stream": "1.0.34"
            }
        },
        "zlib-browserify": {
            "version": "0.0.1",
            "resolved": "https://registry.npmjs.org/zlib-browserify/-/zlib-browserify-0.0.1.tgz",
            "integrity": "sha1-T6akXQDbwV8xikr6HZr8Aljhdsw="
        }
    }
}
